
Microsoft Visual Studio Solution File, Format Version 12.00
# Visual Studio Version 16
VisualStudioVersion = 16.0.31624.102
MinimumVisualStudioVersion = 10.0.40219.1
Project("{9A19103F-16F7-4668-BE54-9A1E7A4F7556}") = "FFLogsLookup", "FFLogsLookup.csproj", "{FECC03AF-9959-4330-BCE4-813FC8051146}"
EndProject
Global
	GlobalSection(SolutionConfigurationPlatforms) = preSolution
		Debug|Any CPU = Debug|Any CPU
		Release|Any CPU = Release|Any CPU
	EndGlobalSection
	GlobalSection(ProjectConfigurationPlatforms) = postSolution
		{FECC03AF-9959-4330-BCE4-813FC8051146}.Debug|Any CPU.ActiveCfg = Debug|Any CPU
		{FECC03AF-9959-4330-BCE4-813FC8051146}.Debug|Any CPU.Build.0 = Debug|Any CPU
		{FECC03AF-9959-4330-BCE4-813FC8051146}.Release|Any CPU.ActiveCfg = Release|Any CPU
		{FECC03AF-9959-4330-BCE4-813FC8051146}.Release|Any CPU.Build.0 = Release|Any CPU
	EndGlobalSection
	GlobalSection(SolutionProperties) = preSolution
		HideSolutionNode = FALSE
	EndGlobalSection
	GlobalSection(ExtensibilityGlobals) = postSolution
		SolutionGuid = {BB26520C-B753-4626-9383-B18B17CF619E}
	EndGlobalSection
EndGlobal
